
Microsoft Visual Studio Solution File, Format Version 12.00
# Visual Studio Version 17
VisualStudioVersion = 17.0.31903.59
MinimumVisualStudioVersion = 10.0.40219.1
Project("{2150E333-8FDC-42A3-9474-1A3956D46DE8}") = "backend", "backend", "{1AE8ACA6-933B-BF2A-3671-3E2EAC007D16}"
EndProject
Project("{FAE04EC0-301F-11D3-BF4B-00C04F79EFBC}") = "GuitarDb.API", "backend\GuitarDb.API\GuitarDb.API.csproj", "{14591258-7308-4FEE-8C04-B11B56D236B5}"
EndProject
Project("{FAE04EC0-301F-11D3-BF4B-00C04F79EFBC}") = "GuitarDb.Scraper", "backend\GuitarDb.Scraper\GuitarDb.Scraper.csproj", "{58715318-C0F6-4F96-96D9-6109441ECB2F}"
EndProject
Global
	GlobalSection(SolutionConfigurationPlatforms) = preSolution
		Debug|Any CPU = Debug|Any CPU
		Debug|x64 = Debug|x64
		Debug|x86 = Debug|x86
		Release|Any CPU = Release|Any CPU
		Release|x64 = Release|x64
		Release|x86 = Release|x86
	EndGlobalSection
	GlobalSection(ProjectConfigurationPlatforms) = postSolution
		{14591258-7308-4FEE-8C04-B11B56D236B5}.Debug|Any CPU.ActiveCfg = Debug|Any CPU
		{14591258-7308-4FEE-8C04-B11B56D236B5}.Debug|Any CPU.Build.0 = Debug|Any CPU
		{14591258-7308-4FEE-8C04-B11B56D236B5}.Debug|x64.ActiveCfg = Debug|Any CPU
		{14591258-7308-4FEE-8C04-B11B56D236B5}.Debug|x64.Build.0 = Debug|Any CPU
		{14591258-7308-4FEE-8C04-B11B56D236B5}.Debug|x86.ActiveCfg = Debug|Any CPU
		{14591258-7308-4FEE-8C04-B11B56D236B5}.Debug|x86.Build.0 = Debug|Any CPU
		{14591258-7308-4FEE-8C04-B11B56D236B5}.Release|Any CPU.ActiveCfg = Release|Any CPU
		{14591258-7308-4FEE-8C04-B11B56D236B5}.Release|Any CPU.Build.0 = Release|Any CPU
		{14591258-7308-4FEE-8C04-B11B56D236B5}.Release|x64.ActiveCfg = Release|Any CPU
		{14591258-7308-4FEE-8C04-B11B56D236B5}.Release|x64.Build.0 = Release|Any CPU
		{14591258-7308-4FEE-8C04-B11B56D236B5}.Release|x86.ActiveCfg = Release|Any CPU
		{14591258-7308-4FEE-8C04-B11B56D236B5}.Release|x86.Build.0 = Release|Any CPU
		{58715318-C0F6-4F96-96D9-6109441ECB2F}.Debug|Any CPU.ActiveCfg = Debug|Any CPU
		{58715318-C0F6-4F96-96D9-6109441ECB2F}.Debug|Any CPU.Build.0 = Debug|Any CPU
		{58715318-C0F6-4F96-96D9-6109441ECB2F}.Debug|x64.ActiveCfg = Debug|Any CPU
		{58715318-C0F6-4F96-96D9-6109441ECB2F}.Debug|x64.Build.0 = Debug|Any CPU
		{58715318-C0F6-4F96-96D9-6109441ECB2F}.Debug|x86.ActiveCfg = Debug|Any CPU
		{58715318-C0F6-4F96-96D9-6109441ECB2F}.Debug|x86.Build.0 = Debug|Any CPU
		{58715318-C0F6-4F96-96D9-6109441ECB2F}.Release|Any CPU.ActiveCfg = Release|Any CPU
		{58715318-C0F6-4F96-96D9-6109441ECB2F}.Release|Any CPU.Build.0 = Release|Any CPU
		{58715318-C0F6-4F96-96D9-6109441ECB2F}.Release|x64.ActiveCfg = Release|Any CPU
		{58715318-C0F6-4F96-96D9-6109441ECB2F}.Release|x64.Build.0 = Release|Any CPU
		{58715318-C0F6-4F96-96D9-6109441ECB2F}.Release|x86.ActiveCfg = Release|Any CPU
		{58715318-C0F6-4F96-96D9-6109441ECB2F}.Release|x86.Build.0 = Release|Any CPU
	EndGlobalSection
	GlobalSection(SolutionProperties) = preSolution
		HideSolutionNode = FALSE
	EndGlobalSection
	GlobalSection(NestedProjects) = preSolution
		{14591258-7308-4FEE-8C04-B11B56D236B5} = {1AE8ACA6-933B-BF2A-3671-3E2EAC007D16}
		{58715318-C0F6-4F96-96D9-6109441ECB2F} = {1AE8ACA6-933B-BF2A-3671-3E2EAC007D16}
	EndGlobalSection
EndGlobal
